
Microsoft Visual Studio Solution File, Format Version 12.00
# Visual Studio Version 16
VisualStudioVersion = 16.0.30225.117
MinimumVisualStudioVersion = 10.0.40219.1
Project("{FAE04EC0-301F-11D3-BF4B-00C04F79EFBC}") = "TesteGitHubLocal", "TesteGitHubLocal\TesteGitHubLocal.csproj", "{3F61D640-C36C-48DE-B2D7-E494FDEF171B}"
EndProject
Global
	GlobalSection(SolutionConfigurationPlatforms) = preSolution
		Debug|Any CPU = Debug|Any CPU
		Release|Any CPU = Release|Any CPU
	EndGlobalSection
	GlobalSection(ProjectConfigurationPlatforms) = postSolution
		{3F61D640-C36C-48DE-B2D7-E494FDEF171B}.Debug|Any CPU.ActiveCfg = Debug|Any CPU
		{3F61D640-C36C-48DE-B2D7-E494FDEF171B}.Debug|Any CPU.Build.0 = Debug|Any CPU
		{3F61D640-C36C-48DE-B2D7-E494FDEF171B}.Release|Any CPU.ActiveCfg = Release|Any CPU
		{3F61D640-C36C-48DE-B2D7-E494FDEF171B}.Release|Any CPU.Build.0 = Release|Any CPU
	EndGlobalSection
	GlobalSection(SolutionProperties) = preSolution
		HideSolutionNode = FALSE
	EndGlobalSection
	GlobalSection(ExtensibilityGlobals) = postSolution
		SolutionGuid = {DA5EB71F-ED47-48E7-B855-B10182964ACE}
	EndGlobalSection
EndGlobal
